
Microsoft Visual Studio Solution File, Format Version 12.00
# Visual Studio Version 17
VisualStudioVersion = 17.0.31903.59
MinimumVisualStudioVersion = 10.0.40219.1
Project("{FAE04EC0-301F-11D3-BF4B-00C04F79EFBC}") = "TodoHtmx.Web", "TodoHtmx.Web\TodoHtmx.Web.csproj", "{39EF8554-84C1-48D1-8BF3-0221A3D29780}"
EndProject
Project("{FAE04EC0-301F-11D3-BF4B-00C04F79EFBC}") = "TodoHtmx.Test", "TodoHtmx.Test\TodoHtmx.Test.csproj", "{28956E55-A0F4-4AF5-9950-37F5D1398090}"
EndProject
Global
	GlobalSection(SolutionConfigurationPlatforms) = preSolution
		Debug|Any CPU = Debug|Any CPU
		Release|Any CPU = Release|Any CPU
	EndGlobalSection
	GlobalSection(SolutionProperties) = preSolution
		HideSolutionNode = FALSE
	EndGlobalSection
	GlobalSection(ProjectConfigurationPlatforms) = postSolution
		{39EF8554-84C1-48D1-8BF3-0221A3D29780}.Debug|Any CPU.ActiveCfg = Debug|Any CPU
		{39EF8554-84C1-48D1-8BF3-0221A3D29780}.Debug|Any CPU.Build.0 = Debug|Any CPU
		{39EF8554-84C1-48D1-8BF3-0221A3D29780}.Release|Any CPU.ActiveCfg = Release|Any CPU
		{39EF8554-84C1-48D1-8BF3-0221A3D29780}.Release|Any CPU.Build.0 = Release|Any CPU
		{28956E55-A0F4-4AF5-9950-37F5D1398090}.Debug|Any CPU.ActiveCfg = Debug|Any CPU
		{28956E55-A0F4-4AF5-9950-37F5D1398090}.Debug|Any CPU.Build.0 = Debug|Any CPU
		{28956E55-A0F4-4AF5-9950-37F5D1398090}.Release|Any CPU.ActiveCfg = Release|Any CPU
		{28956E55-A0F4-4AF5-9950-37F5D1398090}.Release|Any CPU.Build.0 = Release|Any CPU
	EndGlobalSection
EndGlobal
